
Microsoft Visual Studio Solution File, Format Version 12.00
# Visual Studio Version 17
VisualStudioVersion = 17.14.37027.9
MinimumVisualStudioVersion = 10.0.40219.1
Project("{FAE04EC0-301F-11D3-BF4B-00C04F79EFBC}") = "ABCDMall.WebAPI", "ABCDMall.WebAPI\ABCDMall.WebAPI.csproj", "{07DD7C49-D4C2-44DB-BDCB-24B2C6767857}"
EndProject
Project("{2150E333-8FDC-42A3-9474-1A3956D46DE8}") = "ABCDMall.Modules", "ABCDMall.Modules", "{02EA681E-C7D8-13C7-8484-4AC65E1B71E8}"
EndProject
Project("{2150E333-8FDC-42A3-9474-1A3956D46DE8}") = "Movies", "Movies", "{14E601BB-4E0D-4F14-9F93-DB7BEEEE64B2}"
EndProject
Project("{2150E333-8FDC-42A3-9474-1A3956D46DE8}") = "Shops", "Shops", "{5A763CAD-5AC7-48B9-9895-00EA21375ADB}"
EndProject
Project("{2150E333-8FDC-42A3-9474-1A3956D46DE8}") = "Feedbacks", "Feedbacks", "{89C390F2-AAAA-4944-A030-B8A94A60C31A}"
EndProject
Project("{2150E333-8FDC-42A3-9474-1A3956D46DE8}") = "Users", "Users", "{AEFB8EF7-AE99-4782-BA2C-13D7507221B1}"
EndProject
Project("{FAE04EC0-301F-11D3-BF4B-00C04F79EFBC}") = "ABCDMall.Shared", "ABCDMall.Shared\ABCDMall.Shared.csproj", "{BDE64446-0DA4-487E-929D-D78AE1B9A1FB}"
EndProject
Project("{FAE04EC0-301F-11D3-BF4B-00C04F79EFBC}") = "ABCDMall.Modules.Movies.Domain", "ABCDMall.Modules\Movies\ABCDMall.Modules.Movies.Domain\ABCDMall.Modules.Movies.Domain.csproj", "{BC557657-E857-4BCB-96CE-8D74E34EF824}"
EndProject
Project("{FAE04EC0-301F-11D3-BF4B-00C04F79EFBC}") = "ABCDMall.Modules.Movies.Application", "ABCDMall.Modules\Movies\ABCDMall.Modules.Movies.Application\ABCDMall.Modules.Movies.Application.csproj", "{ECD022FC-AD2F-4AC1-A36B-A207AFBB5BCA}"
EndProject
Project("{FAE04EC0-301F-11D3-BF4B-00C04F79EFBC}") = "ABCDMall.Modules.Movies.Infrastructure", "ABCDMall.Modules\Movies\ABCDMall.Modules.Movies.Infrastructure\ABCDMall.Modules.Movies.Infrastructure.csproj", "{83F5178D-AB28-4CF1-95B4-8A5D38AFA2C1}"
EndProject
Project("{FAE04EC0-301F-11D3-BF4B-00C04F79EFBC}") = "ABCDMall.Modules.Feedbacks.Domain", "ABCDMall.Modules\Feedbacks\ABCDMall.Modules.Feedbacks.Domain\ABCDMall.Modules.Feedbacks.Domain.csproj", "{69577AF6-C8F0-4853-84C0-7A20DD857207}"
EndProject
Project("{FAE04EC0-301F-11D3-BF4B-00C04F79EFBC}") = "ABCDMall.Modules.Feedbacks.Application", "ABCDMall.Modules\Feedbacks\ABCDMall.Modules.Feedbacks.Application\ABCDMall.Modules.Feedbacks.Application.csproj", "{FEFE844B-A58A-4590-8658-03D5A20A6DFC}"
EndProject
Project("{FAE04EC0-301F-11D3-BF4B-00C04F79EFBC}") = "ABCDMall.Modules.Feedbacks.Infrastructure", "ABCDMall.Modules\Feedbacks\ABCDMall.Modules.Movies.Infrastructure\ABCDMall.Modules.Feedbacks.Infrastructure.csproj", "{E96FF9AF-D07A-405D-9188-05F0D4C2C4BE}"
EndProject
Project("{FAE04EC0-301F-11D3-BF4B-00C04F79EFBC}") = "ABCDMall.Modules.Shops.Domain", "ABCDMall.Modules\Shops\ABCDMall.Modules.Shops.Domain\ABCDMall.Modules.Shops.Domain.csproj", "{7B02866A-D867-486F-BAE2-FFD51B86AE89}"
EndProject
Project("{FAE04EC0-301F-11D3-BF4B-00C04F79EFBC}") = "ABCDMall.Modules.Shops.Application", "ABCDMall.Modules\Shops\ABCDMall.Modules.Shops.Application\ABCDMall.Modules.Shops.Application.csproj", "{E0ED86F2-4A0F-4317-801B-7B68A3E236B3}"
EndProject
Project("{FAE04EC0-301F-11D3-BF4B-00C04F79EFBC}") = "ABCDMall.Modules.Shops.Infrastructure", "ABCDMall.Modules\Shops\ABCDMall.Modules.Shops.Infrastructure\ABCDMall.Modules.Shops.Infrastructure.csproj", "{7A684FB4-3AE1-4B54-9771-938A39600BF2}"
EndProject
Project("{FAE04EC0-301F-11D3-BF4B-00C04F79EFBC}") = "ABCDMall.Modules.Users.Domain", "ABCDMall.Modules\Users\ABCDMall.Modules.Users.Domain\ABCDMall.Modules.Users.Domain.csproj", "{14E87561-8A46-4EC6-90B5-E07B56B3A514}"
EndProject
Project("{FAE04EC0-301F-11D3-BF4B-00C04F79EFBC}") = "ABCDMall.Modules.Users.Application", "ABCDMall.Modules\Users\ABCDMall.Modules.Users.Application\ABCDMall.Modules.Users.Application.csproj", "{C749C8C9-BAFC-4F6B-A30E-8A598ABA50CE}"
EndProject
Project("{FAE04EC0-301F-11D3-BF4B-00C04F79EFBC}") = "ABCDMall.Modules.Users.Infrastructure", "ABCDMall.Modules\Users\ABCDMall.Modules.Users.Infrastructure\ABCDMall.Modules.Users.Infrastructure.csproj", "{710F7469-748E-4B50-A5B0-D78727166FBF}"
EndProject
Global
	GlobalSection(SolutionConfigurationPlatforms) = preSolution
		Debug|Any CPU = Debug|Any CPU
		Release|Any CPU = Release|Any CPU
	EndGlobalSection
	GlobalSection(ProjectConfigurationPlatforms) = postSolution
		{07DD7C49-D4C2-44DB-BDCB-24B2C6767857}.Debug|Any CPU.ActiveCfg = Debug|Any CPU
		{07DD7C49-D4C2-44DB-BDCB-24B2C6767857}.Debug|Any CPU.Build.0 = Debug|Any CPU
		{07DD7C49-D4C2-44DB-BDCB-24B2C6767857}.Release|Any CPU.ActiveCfg = Release|Any CPU
		{07DD7C49-D4C2-44DB-BDCB-24B2C6767857}.Release|Any CPU.Build.0 = Release|Any CPU
		{BDE64446-0DA4-487E-929D-D78AE1B9A1FB}.Debug|Any CPU.ActiveCfg = Debug|Any CPU
		{BDE64446-0DA4-487E-929D-D78AE1B9A1FB}.Debug|Any CPU.Build.0 = Debug|Any CPU
		{BDE64446-0DA4-487E-929D-D78AE1B9A1FB}.Release|Any CPU.ActiveCfg = Release|Any CPU
		{BDE64446-0DA4-487E-929D-D78AE1B9A1FB}.Release|Any CPU.Build.0 = Release|Any CPU
		{BC557657-E857-4BCB-96CE-8D74E34EF824}.Debug|Any CPU.ActiveCfg = Debug|Any CPU
		{BC557657-E857-4BCB-96CE-8D74E34EF824}.Debug|Any CPU.Build.0 = Debug|Any CPU
		{BC557657-E857-4BCB-96CE-8D74E34EF824}.Release|Any CPU.ActiveCfg = Release|Any CPU
		{BC557657-E857-4BCB-96CE-8D74E34EF824}.Release|Any CPU.Build.0 = Release|Any CPU
		{ECD022FC-AD2F-4AC1-A36B-A207AFBB5BCA}.Debug|Any CPU.ActiveCfg = Debug|Any CPU
		{ECD022FC-AD2F-4AC1-A36B-A207AFBB5BCA}.Debug|Any CPU.Build.0 = Debug|Any CPU
		{ECD022FC-AD2F-4AC1-A36B-A207AFBB5BCA}.Release|Any CPU.ActiveCfg = Release|Any CPU
		{ECD022FC-AD2F-4AC1-A36B-A207AFBB5BCA}.Release|Any CPU.Build.0 = Release|Any CPU
		{83F5178D-AB28-4CF1-95B4-8A5D38AFA2C1}.Debug|Any CPU.ActiveCfg = Debug|Any CPU
		{83F5178D-AB28-4CF1-95B4-8A5D38AFA2C1}.Debug|Any CPU.Build.0 = Debug|Any CPU
		{83F5178D-AB28-4CF1-95B4-8A5D38AFA2C1}.Release|Any CPU.ActiveCfg = Release|Any CPU
		{83F5178D-AB28-4CF1-95B4-8A5D38AFA2C1}.Release|Any CPU.Build.0 = Release|Any CPU
		{69577AF6-C8F0-4853-84C0-7A20DD857207}.Debug|Any CPU.ActiveCfg = Debug|Any CPU
		{69577AF6-C8F0-4853-84C0-7A20DD857207}.Debug|Any CPU.Build.0 = Debug|Any CPU
		{69577AF6-C8F0-4853-84C0-7A20DD857207}.Release|Any CPU.ActiveCfg = Release|Any CPU
		{69577AF6-C8F0-4853-84C0-7A20DD857207}.Release|Any CPU.Build.0 = Release|Any CPU
		{FEFE844B-A58A-4590-8658-03D5A20A6DFC}.Debug|Any CPU.ActiveCfg = Debug|Any CPU
		{FEFE844B-A58A-4590-8658-03D5A20A6DFC}.Debug|Any CPU.Build.0 = Debug|Any CPU
		{FEFE844B-A58A-4590-8658-03D5A20A6DFC}.Release|Any CPU.ActiveCfg = Release|Any CPU
		{FEFE844B-A58A-4590-8658-03D5A20A6DFC}.Release|Any CPU.Build.0 = Release|Any CPU
		{E96FF9AF-D07A-405D-9188-05F0D4C2C4BE}.Debug|Any CPU.ActiveCfg = Debug|Any CPU
		{E96FF9AF-D07A-405D-9188-05F0D4C2C4BE}.Debug|Any CPU.Build.0 = Debug|Any CPU
		{E96FF9AF-D07A-405D-9188-05F0D4C2C4BE}.Release|Any CPU.ActiveCfg = Release|Any CPU
		{E96FF9AF-D07A-405D-9188-05F0D4C2C4BE}.Release|Any CPU.Build.0 = Release|Any CPU
		{7B02866A-D867-486F-BAE2-FFD51B86AE89}.Debug|Any CPU.ActiveCfg = Debug|Any CPU
		{7B02866A-D867-486F-BAE2-FFD51B86AE89}.Debug|Any CPU.Build.0 = Debug|Any CPU
		{7B02866A-D867-486F-BAE2-FFD51B86AE89}.Release|Any CPU.ActiveCfg = Release|Any CPU
		{7B02866A-D867-486F-BAE2-FFD51B86AE89}.Release|Any CPU.Build.0 = Release|Any CPU
		{E0ED86F2-4A0F-4317-801B-7B68A3E236B3}.Debug|Any CPU.ActiveCfg = Debug|Any CPU
		{E0ED86F2-4A0F-4317-801B-7B68A3E236B3}.Debug|Any CPU.Build.0 = Debug|Any CPU
		{E0ED86F2-4A0F-4317-801B-7B68A3E236B3}.Release|Any CPU.ActiveCfg = Release|Any CPU
		{E0ED86F2-4A0F-4317-801B-7B68A3E236B3}.Release|Any CPU.Build.0 = Release|Any CPU
		{7A684FB4-3AE1-4B54-9771-938A39600BF2}.Debug|Any CPU.ActiveCfg = Debug|Any CPU
		{7A684FB4-3AE1-4B54-9771-938A39600BF2}.Debug|Any CPU.Build.0 = Debug|Any CPU
		{7A684FB4-3AE1-4B54-9771-938A39600BF2}.Release|Any CPU.ActiveCfg = Release|Any CPU
		{7A684FB4-3AE1-4B54-9771-938A39600BF2}.Release|Any CPU.Build.0 = Release|Any CPU
		{14E87561-8A46-4EC6-90B5-E07B56B3A514}.Debug|Any CPU.ActiveCfg = Debug|Any CPU
		{14E87561-8A46-4EC6-90B5-E07B56B3A514}.Debug|Any CPU.Build.0 = Debug|Any CPU
		{14E87561-8A46-4EC6-90B5-E07B56B3A514}.Release|Any CPU.ActiveCfg = Release|Any CPU
		{14E87561-8A46-4EC6-90B5-E07B56B3A514}.Release|Any CPU.Build.0 = Release|Any CPU
		{C749C8C9-BAFC-4F6B-A30E-8A598ABA50CE}.Debug|Any CPU.ActiveCfg = Debug|Any CPU
		{C749C8C9-BAFC-4F6B-A30E-8A598ABA50CE}.Debug|Any CPU.Build.0 = Debug|Any CPU
		{C749C8C9-BAFC-4F6B-A30E-8A598ABA50CE}.Release|Any CPU.ActiveCfg = Release|Any CPU
		{C749C8C9-BAFC-4F6B-A30E-8A598ABA50CE}.Release|Any CPU.Build.0 = Release|Any CPU
		{710F7469-748E-4B50-A5B0-D78727166FBF}.Debug|Any CPU.ActiveCfg = Debug|Any CPU
		{710F7469-748E-4B50-A5B0-D78727166FBF}.Debug|Any CPU.Build.0 = Debug|Any CPU
		{710F7469-748E-4B50-A5B0-D78727166FBF}.Release|Any CPU.ActiveCfg = Release|Any CPU
		{710F7469-748E-4B50-A5B0-D78727166FBF}.Release|Any CPU.Build.0 = Release|Any CPU
	EndGlobalSection
	GlobalSection(SolutionProperties) = preSolution
		HideSolutionNode = FALSE
	EndGlobalSection
	GlobalSection(NestedProjects) = preSolution
		{14E601BB-4E0D-4F14-9F93-DB7BEEEE64B2} = {02EA681E-C7D8-13C7-8484-4AC65E1B71E8}
		{5A763CAD-5AC7-48B9-9895-00EA21375ADB} = {02EA681E-C7D8-13C7-8484-4AC65E1B71E8}
		{89C390F2-AAAA-4944-A030-B8A94A60C31A} = {02EA681E-C7D8-13C7-8484-4AC65E1B71E8}
		{AEFB8EF7-AE99-4782-BA2C-13D7507221B1} = {02EA681E-C7D8-13C7-8484-4AC65E1B71E8}
		{BC557657-E857-4BCB-96CE-8D74E34EF824} = {14E601BB-4E0D-4F14-9F93-DB7BEEEE64B2}
		{ECD022FC-AD2F-4AC1-A36B-A207AFBB5BCA} = {14E601BB-4E0D-4F14-9F93-DB7BEEEE64B2}
		{83F5178D-AB28-4CF1-95B4-8A5D38AFA2C1} = {14E601BB-4E0D-4F14-9F93-DB7BEEEE64B2}
		{69577AF6-C8F0-4853-84C0-7A20DD857207} = {89C390F2-AAAA-4944-A030-B8A94A60C31A}
		{FEFE844B-A58A-4590-8658-03D5A20A6DFC} = {89C390F2-AAAA-4944-A030-B8A94A60C31A}
		{E96FF9AF-D07A-405D-9188-05F0D4C2C4BE} = {89C390F2-AAAA-4944-A030-B8A94A60C31A}
		{7B02866A-D867-486F-BAE2-FFD51B86AE89} = {5A763CAD-5AC7-48B9-9895-00EA21375ADB}
		{E0ED86F2-4A0F-4317-801B-7B68A3E236B3} = {5A763CAD-5AC7-48B9-9895-00EA21375ADB}
		{7A684FB4-3AE1-4B54-9771-938A39600BF2} = {5A763CAD-5AC7-48B9-9895-00EA21375ADB}
		{14E87561-8A46-4EC6-90B5-E07B56B3A514} = {AEFB8EF7-AE99-4782-BA2C-13D7507221B1}
		{C749C8C9-BAFC-4F6B-A30E-8A598ABA50CE} = {AEFB8EF7-AE99-4782-BA2C-13D7507221B1}
		{710F7469-748E-4B50-A5B0-D78727166FBF} = {AEFB8EF7-AE99-4782-BA2C-13D7507221B1}
	EndGlobalSection
	GlobalSection(ExtensibilityGlobals) = postSolution
		SolutionGuid = {208349A7-9F0D-4F8B-B2E3-9A9D478A4B0D}
	EndGlobalSection
EndGlobal
