
Microsoft Visual Studio Solution File, Format Version 12.00
# Visual Studio Version 17
VisualStudioVersion = 17.14.37027.9
MinimumVisualStudioVersion = 10.0.40219.1
Project("{FAE04EC0-301F-11D3-BF4B-00C04F79EFBC}") = "ABCDMall.WebAPI", "ABCDMall.WebAPI\ABCDMall.WebAPI.csproj", "{07DD7C49-D4C2-44DB-BDCB-24B2C6767857}"
EndProject
Project("{2150E333-8FDC-42A3-9474-1A3956D46DE8}") = "ABCDMall.Modules", "ABCDMall.Modules", "{02EA681E-C7D8-13C7-8484-4AC65E1B71E8}"
EndProject
Project("{2150E333-8FDC-42A3-9474-1A3956D46DE8}") = "Movies", "Movies", "{14E601BB-4E0D-4F14-9F93-DB7BEEEE64B2}"
EndProject
Project("{2150E333-8FDC-42A3-9474-1A3956D46DE8}") = "Shops", "Shops", "{5A763CAD-5AC7-48B9-9895-00EA21375ADB}"
EndProject
Project("{2150E333-8FDC-42A3-9474-1A3956D46DE8}") = "Feedbacks", "Feedbacks", "{89C390F2-AAAA-4944-A030-B8A94A60C31A}"
EndProject
Project("{2150E333-8FDC-42A3-9474-1A3956D46DE8}") = "Users", "Users", "{AEFB8EF7-AE99-4782-BA2C-13D7507221B1}"
EndProject
Project("{FAE04EC0-301F-11D3-BF4B-00C04F79EFBC}") = "ABCDMall.Shared", "ABCDMall.Shared\ABCDMall.Shared.csproj", "{BDE64446-0DA4-487E-929D-D78AE1B9A1FB}"
EndProject
Project("{FAE04EC0-301F-11D3-BF4B-00C04F79EFBC}") = "ABCDMall.Modules.Movies.Domain", "ABCDMall.Modules\Movies\ABCDMall.Modules.Movies.Domain\ABCDMall.Modules.Movies.Domain.csproj", "{BC557657-E857-4BCB-96CE-8D74E34EF824}"
EndProject
Project("{FAE04EC0-301F-11D3-BF4B-00C04F79EFBC}") = "ABCDMall.Modules.Movies.Application", "ABCDMall.Modules\Movies\ABCDMall.Modules.Movies.Application\ABCDMall.Modules.Movies.Application.csproj", "{ECD022FC-AD2F-4AC1-A36B-A207AFBB5BCA}"
EndProject
Project("{FAE04EC0-301F-11D3-BF4B-00C04F79EFBC}") = "ABCDMall.Modules.Movies.Infrastructure", "ABCDMall.Modules\Movies\ABCDMall.Modules.Movies.Infrastructure\ABCDMall.Modules.Movies.Infrastructure.csproj", "{83F5178D-AB28-4CF1-95B4-8A5D38AFA2C1}"
EndProject
Project("{FAE04EC0-301F-11D3-BF4B-00C04F79EFBC}") = "ABCDMall.Modules.Feedbacks.Domain", "ABCDMall.Modules\Feedbacks\ABCDMall.Modules.Feedbacks.Domain\ABCDMall.Modules.Feedbacks.Domain.csproj", "{69577AF6-C8F0-4853-84C0-7A20DD857207}"
EndProject
Project("{FAE04EC0-301F-11D3-BF4B-00C04F79EFBC}") = "ABCDMall.Modules.Feedbacks.Application", "ABCDMall.Modules\Feedbacks\ABCDMall.Modules.Feedbacks.Application\ABCDMall.Modules.Feedbacks.Application.csproj", "{FEFE844B-A58A-4590-8658-03D5A20A6DFC}"
EndProject
Project("{FAE04EC0-301F-11D3-BF4B-00C04F79EFBC}") = "ABCDMall.Modules.Shops.Domain", "ABCDMall.Modules\Shops\ABCDMall.Modules.Shops.Domain\ABCDMall.Modules.Shops.Domain.csproj", "{7B02866A-D867-486F-BAE2-FFD51B86AE89}"
EndProject
Project("{FAE04EC0-301F-11D3-BF4B-00C04F79EFBC}") = "ABCDMall.Modules.Shops.Application", "ABCDMall.Modules\Shops\ABCDMall.Modules.Shops.Application\ABCDMall.Modules.Shops.Application.csproj", "{E0ED86F2-4A0F-4317-801B-7B68A3E236B3}"
EndProject
Project("{FAE04EC0-301F-11D3-BF4B-00C04F79EFBC}") = "ABCDMall.Modules.Shops.Infrastructure", "ABCDMall.Modules\Shops\ABCDMall.Modules.Shops.Infrastructure\ABCDMall.Modules.Shops.Infrastructure.csproj", "{7A684FB4-3AE1-4B54-9771-938A39600BF2}"
EndProject
Project("{FAE04EC0-301F-11D3-BF4B-00C04F79EFBC}") = "ABCDMall.Modules.Users.Domain", "ABCDMall.Modules\Users\ABCDMall.Modules.Users.Domain\ABCDMall.Modules.Users.Domain.csproj", "{14E87561-8A46-4EC6-90B5-E07B56B3A514}"
EndProject
Project("{FAE04EC0-301F-11D3-BF4B-00C04F79EFBC}") = "ABCDMall.Modules.Users.Application", "ABCDMall.Modules\Users\ABCDMall.Modules.Users.Application\ABCDMall.Modules.Users.Application.csproj", "{C749C8C9-BAFC-4F6B-A30E-8A598ABA50CE}"
EndProject
Project("{FAE04EC0-301F-11D3-BF4B-00C04F79EFBC}") = "ABCDMall.Modules.Users.Infrastructure", "ABCDMall.Modules\Users\ABCDMall.Modules.Users.Infrastructure\ABCDMall.Modules.Users.Infrastructure.csproj", "{710F7469-748E-4B50-A5B0-D78727166FBF}"
EndProject
Project("{FAE04EC0-301F-11D3-BF4B-00C04F79EFBC}") = "ABCDMall.Modules.Feedbacks.Infrastructure", "ABCDMall.Modules\Feedbacks\ABCDMall.Modules.Feedbacks.Infrastructure\ABCDMall.Modules.Feedbacks.Infrastructure.csproj", "{EFB5E02B-C6D6-4F05-8F0A-74E488F2F7CC}"
EndProject
Project("{FAE04EC0-301F-11D3-BF4B-00C04F79EFBC}") = "ABCDMall.Modules.FoodCourt.Application", "ABCDMall.Modules\FoodCourt\ABCDMall.Modules.FoodCourt.Application\ABCDMall.Modules.FoodCourt.Application.csproj", "{5789F1E9-11F1-44AB-88A7-C428E6C02435}"
EndProject
Project("{FAE04EC0-301F-11D3-BF4B-00C04F79EFBC}") = "ABCDMall.Modules.FoodCourt.Domain", "ABCDMall.Modules\FoodCourt\ABCDMall.Modules.FoodCourt.Domain\ABCDMall.Modules.FoodCourt.Domain.csproj", "{FB90FAD1-F606-44DE-9C15-EB9C009FBD67}"
EndProject
Project("{FAE04EC0-301F-11D3-BF4B-00C04F79EFBC}") = "ABCDMall.Modules.FoodCourt.Infrastructure", "ABCDMall.Modules\FoodCourt\ABCDMall.Modules.FoodCourt.Infrastructure\ABCDMall.Modules.FoodCourt.Infrastructure.csproj", "{20190AA7-3727-4B3E-81C3-EEFE462831FE}"
EndProject
Project("{FAE04EC0-301F-11D3-BF4B-00C04F79EFBC}") = "ABCDMall.Modules.Marketing.Application", "ABCDMall.Modules\Marketing\ABCDMall.Modules.Marketing.Application\ABCDMall.Modules.Marketing.Application.csproj", "{D8F14919-80DF-4CE5-992E-77C2F3806F54}"
EndProject
Project("{FAE04EC0-301F-11D3-BF4B-00C04F79EFBC}") = "ABCDMall.Modules.Marketing.Domain", "ABCDMall.Modules\Marketing\ABCDMall.Modules.Marketing.Domain\ABCDMall.Modules.Marketing.Domain.csproj", "{BAF49763-AF6C-416E-B97B-E91F30B713F7}"
EndProject
Project("{FAE04EC0-301F-11D3-BF4B-00C04F79EFBC}") = "ABCDMall.Modules.Marketing.Infrastructure", "ABCDMall.Modules\Marketing\ABCDMall.Modules.Marketing.Infrastructure\ABCDMall.Modules.Marketing.Infrastructure.csproj", "{D0E14660-5D79-4D20-B9C2-8707BDAA9A52}"
EndProject
Project("{FAE04EC0-301F-11D3-BF4B-00C04F79EFBC}") = "ABCDMall.Modules.UtilityMap.Application", "ABCDMall.Modules\UtilityMap\ABCDMall.Modules.UtilityMap.Application\ABCDMall.Modules.UtilityMap.Application.csproj", "{3B890596-5C7C-4812-ADF6-C89632C78117}"
EndProject
Project("{FAE04EC0-301F-11D3-BF4B-00C04F79EFBC}") = "ABCDMall.Modules.UtilityMap.Domain", "ABCDMall.Modules\UtilityMap\ABCDMall.Modules.UtilityMap.Domain\ABCDMall.Modules.UtilityMap.Domain.csproj", "{9B8A8324-F46A-4941-A40B-4F84A2A039DF}"
EndProject
Project("{FAE04EC0-301F-11D3-BF4B-00C04F79EFBC}") = "ABCDMall.Modules.UtilityMap.Infrastructure", "ABCDMall.Modules\UtilityMap\ABCDMall.Modules.UtilityMap.Infrastructure\ABCDMall.Modules.UtilityMap.Infrastructure.csproj", "{7A47736A-EAAD-4132-A8F4-D23DEC8CE3E6}"
EndProject
Project("{2150E333-8FDC-42A3-9474-1A3956D46DE8}") = "Marketing", "Marketing", "{96023D6D-FF13-4380-9401-029D25ED9505}"
EndProject
Project("{2150E333-8FDC-42A3-9474-1A3956D46DE8}") = "UtilityMap", "UtilityMap", "{E84F5AC5-1750-4CBC-8829-855799600421}"
EndProject
Project("{2150E333-8FDC-42A3-9474-1A3956D46DE8}") = "FoodCourt", "FoodCourt", "{E9B47AB4-CEC5-4DD1-BB57-00502CA4BA8D}"
EndProject
Project("{FAE04EC0-301F-11D3-BF4B-00C04F79EFBC}") = "ABCDMall.Modules.Movies.Tests", "ABCDMall.Modules\Movies\ABCDMall.Modules.Movies.Tests\ABCDMall.Modules.Movies.Tests.csproj", "{F585212F-AEFE-4B95-B8F5-F88F89E5A574}"
EndProject
Project("{2150E333-8FDC-42A3-9474-1A3956D46DE8}") = "Events", "Events", "{6B1F0260-665C-B16D-7B3A-2E4E57C92E77}"
EndProject
Project("{FAE04EC0-301F-11D3-BF4B-00C04F79EFBC}") = "ABCDMall.Modules.Events.Domain", "ABCDMall.Modules\Events\ABCDMall.Modules.Events.Domain\ABCDMall.Modules.Events.Domain.csproj", "{5034BA85-B9EC-4267-A3A8-4B4A605ABA15}"
EndProject
Project("{FAE04EC0-301F-11D3-BF4B-00C04F79EFBC}") = "ABCDMall.Modules.Events.Application", "ABCDMall.Modules\Events\ABCDMall.Modules.Events.Application\ABCDMall.Modules.Events.Application.csproj", "{C08D1F02-6A10-46CD-9CCA-8F74B0BA4F55}"
EndProject
Project("{FAE04EC0-301F-11D3-BF4B-00C04F79EFBC}") = "ABCDMall.Modules.Events.Infrastructure", "ABCDMall.Modules\Events\ABCDMall.Modules.Events.Infrastructure\ABCDMall.Modules.Events.Infrastructure.csproj", "{E74938EF-73E7-4AF3-B4CF-E7F56785FE1D}"
EndProject
Global
	GlobalSection(SolutionConfigurationPlatforms) = preSolution
		Debug|Any CPU = Debug|Any CPU
		Debug|x64 = Debug|x64
		Debug|x86 = Debug|x86
		Release|Any CPU = Release|Any CPU
		Release|x64 = Release|x64
		Release|x86 = Release|x86
	EndGlobalSection
	GlobalSection(ProjectConfigurationPlatforms) = postSolution
		{07DD7C49-D4C2-44DB-BDCB-24B2C6767857}.Debug|Any CPU.ActiveCfg = Debug|Any CPU
		{07DD7C49-D4C2-44DB-BDCB-24B2C6767857}.Debug|Any CPU.Build.0 = Debug|Any CPU
		{07DD7C49-D4C2-44DB-BDCB-24B2C6767857}.Debug|x64.ActiveCfg = Debug|Any CPU
		{07DD7C49-D4C2-44DB-BDCB-24B2C6767857}.Debug|x64.Build.0 = Debug|Any CPU
		{07DD7C49-D4C2-44DB-BDCB-24B2C6767857}.Debug|x86.ActiveCfg = Debug|Any CPU
		{07DD7C49-D4C2-44DB-BDCB-24B2C6767857}.Debug|x86.Build.0 = Debug|Any CPU
		{07DD7C49-D4C2-44DB-BDCB-24B2C6767857}.Release|Any CPU.ActiveCfg = Release|Any CPU
		{07DD7C49-D4C2-44DB-BDCB-24B2C6767857}.Release|Any CPU.Build.0 = Release|Any CPU
		{07DD7C49-D4C2-44DB-BDCB-24B2C6767857}.Release|x64.ActiveCfg = Release|Any CPU
		{07DD7C49-D4C2-44DB-BDCB-24B2C6767857}.Release|x64.Build.0 = Release|Any CPU
		{07DD7C49-D4C2-44DB-BDCB-24B2C6767857}.Release|x86.ActiveCfg = Release|Any CPU
		{07DD7C49-D4C2-44DB-BDCB-24B2C6767857}.Release|x86.Build.0 = Release|Any CPU
		{BDE64446-0DA4-487E-929D-D78AE1B9A1FB}.Debug|Any CPU.ActiveCfg = Debug|Any CPU
		{BDE64446-0DA4-487E-929D-D78AE1B9A1FB}.Debug|Any CPU.Build.0 = Debug|Any CPU
		{BDE64446-0DA4-487E-929D-D78AE1B9A1FB}.Debug|x64.ActiveCfg = Debug|Any CPU
		{BDE64446-0DA4-487E-929D-D78AE1B9A1FB}.Debug|x64.Build.0 = Debug|Any CPU
		{BDE64446-0DA4-487E-929D-D78AE1B9A1FB}.Debug|x86.ActiveCfg = Debug|Any CPU
		{BDE64446-0DA4-487E-929D-D78AE1B9A1FB}.Debug|x86.Build.0 = Debug|Any CPU
		{BDE64446-0DA4-487E-929D-D78AE1B9A1FB}.Release|Any CPU.ActiveCfg = Release|Any CPU
		{BDE64446-0DA4-487E-929D-D78AE1B9A1FB}.Release|Any CPU.Build.0 = Release|Any CPU
		{BDE64446-0DA4-487E-929D-D78AE1B9A1FB}.Release|x64.ActiveCfg = Release|Any CPU
		{BDE64446-0DA4-487E-929D-D78AE1B9A1FB}.Release|x64.Build.0 = Release|Any CPU
		{BDE64446-0DA4-487E-929D-D78AE1B9A1FB}.Release|x86.ActiveCfg = Release|Any CPU
		{BDE64446-0DA4-487E-929D-D78AE1B9A1FB}.Release|x86.Build.0 = Release|Any CPU
		{BC557657-E857-4BCB-96CE-8D74E34EF824}.Debug|Any CPU.ActiveCfg = Debug|Any CPU
		{BC557657-E857-4BCB-96CE-8D74E34EF824}.Debug|Any CPU.Build.0 = Debug|Any CPU
		{BC557657-E857-4BCB-96CE-8D74E34EF824}.Debug|x64.ActiveCfg = Debug|Any CPU
		{BC557657-E857-4BCB-96CE-8D74E34EF824}.Debug|x64.Build.0 = Debug|Any CPU
		{BC557657-E857-4BCB-96CE-8D74E34EF824}.Debug|x86.ActiveCfg = Debug|Any CPU
		{BC557657-E857-4BCB-96CE-8D74E34EF824}.Debug|x86.Build.0 = Debug|Any CPU
		{BC557657-E857-4BCB-96CE-8D74E34EF824}.Release|Any CPU.ActiveCfg = Release|Any CPU
		{BC557657-E857-4BCB-96CE-8D74E34EF824}.Release|Any CPU.Build.0 = Release|Any CPU
		{BC557657-E857-4BCB-96CE-8D74E34EF824}.Release|x64.ActiveCfg = Release|Any CPU
		{BC557657-E857-4BCB-96CE-8D74E34EF824}.Release|x64.Build.0 = Release|Any CPU
		{BC557657-E857-4BCB-96CE-8D74E34EF824}.Release|x86.ActiveCfg = Release|Any CPU
		{BC557657-E857-4BCB-96CE-8D74E34EF824}.Release|x86.Build.0 = Release|Any CPU
		{ECD022FC-AD2F-4AC1-A36B-A207AFBB5BCA}.Debug|Any CPU.ActiveCfg = Debug|Any CPU
		{ECD022FC-AD2F-4AC1-A36B-A207AFBB5BCA}.Debug|Any CPU.Build.0 = Debug|Any CPU
		{ECD022FC-AD2F-4AC1-A36B-A207AFBB5BCA}.Debug|x64.ActiveCfg = Debug|Any CPU
		{ECD022FC-AD2F-4AC1-A36B-A207AFBB5BCA}.Debug|x64.Build.0 = Debug|Any CPU
		{ECD022FC-AD2F-4AC1-A36B-A207AFBB5BCA}.Debug|x86.ActiveCfg = Debug|Any CPU
		{ECD022FC-AD2F-4AC1-A36B-A207AFBB5BCA}.Debug|x86.Build.0 = Debug|Any CPU
		{ECD022FC-AD2F-4AC1-A36B-A207AFBB5BCA}.Release|Any CPU.ActiveCfg = Release|Any CPU
		{ECD022FC-AD2F-4AC1-A36B-A207AFBB5BCA}.Release|Any CPU.Build.0 = Release|Any CPU
		{ECD022FC-AD2F-4AC1-A36B-A207AFBB5BCA}.Release|x64.ActiveCfg = Release|Any CPU
		{ECD022FC-AD2F-4AC1-A36B-A207AFBB5BCA}.Release|x64.Build.0 = Release|Any CPU
		{ECD022FC-AD2F-4AC1-A36B-A207AFBB5BCA}.Release|x86.ActiveCfg = Release|Any CPU
		{ECD022FC-AD2F-4AC1-A36B-A207AFBB5BCA}.Release|x86.Build.0 = Release|Any CPU
		{83F5178D-AB28-4CF1-95B4-8A5D38AFA2C1}.Debug|Any CPU.ActiveCfg = Debug|Any CPU
		{83F5178D-AB28-4CF1-95B4-8A5D38AFA2C1}.Debug|Any CPU.Build.0 = Debug|Any CPU
		{83F5178D-AB28-4CF1-95B4-8A5D38AFA2C1}.Debug|x64.ActiveCfg = Debug|Any CPU
		{83F5178D-AB28-4CF1-95B4-8A5D38AFA2C1}.Debug|x64.Build.0 = Debug|Any CPU
		{83F5178D-AB28-4CF1-95B4-8A5D38AFA2C1}.Debug|x86.ActiveCfg = Debug|Any CPU
		{83F5178D-AB28-4CF1-95B4-8A5D38AFA2C1}.Debug|x86.Build.0 = Debug|Any CPU
		{83F5178D-AB28-4CF1-95B4-8A5D38AFA2C1}.Release|Any CPU.ActiveCfg = Release|Any CPU
		{83F5178D-AB28-4CF1-95B4-8A5D38AFA2C1}.Release|Any CPU.Build.0 = Release|Any CPU
		{83F5178D-AB28-4CF1-95B4-8A5D38AFA2C1}.Release|x64.ActiveCfg = Release|Any CPU
		{83F5178D-AB28-4CF1-95B4-8A5D38AFA2C1}.Release|x64.Build.0 = Release|Any CPU
		{83F5178D-AB28-4CF1-95B4-8A5D38AFA2C1}.Release|x86.ActiveCfg = Release|Any CPU
		{83F5178D-AB28-4CF1-95B4-8A5D38AFA2C1}.Release|x86.Build.0 = Release|Any CPU
		{69577AF6-C8F0-4853-84C0-7A20DD857207}.Debug|Any CPU.ActiveCfg = Debug|Any CPU
		{69577AF6-C8F0-4853-84C0-7A20DD857207}.Debug|Any CPU.Build.0 = Debug|Any CPU
		{69577AF6-C8F0-4853-84C0-7A20DD857207}.Debug|x64.ActiveCfg = Debug|Any CPU
		{69577AF6-C8F0-4853-84C0-7A20DD857207}.Debug|x64.Build.0 = Debug|Any CPU
		{69577AF6-C8F0-4853-84C0-7A20DD857207}.Debug|x86.ActiveCfg = Debug|Any CPU
		{69577AF6-C8F0-4853-84C0-7A20DD857207}.Debug|x86.Build.0 = Debug|Any CPU
		{69577AF6-C8F0-4853-84C0-7A20DD857207}.Release|Any CPU.ActiveCfg = Release|Any CPU
		{69577AF6-C8F0-4853-84C0-7A20DD857207}.Release|Any CPU.Build.0 = Release|Any CPU
		{69577AF6-C8F0-4853-84C0-7A20DD857207}.Release|x64.ActiveCfg = Release|Any CPU
		{69577AF6-C8F0-4853-84C0-7A20DD857207}.Release|x64.Build.0 = Release|Any CPU
		{69577AF6-C8F0-4853-84C0-7A20DD857207}.Release|x86.ActiveCfg = Release|Any CPU
		{69577AF6-C8F0-4853-84C0-7A20DD857207}.Release|x86.Build.0 = Release|Any CPU
		{FEFE844B-A58A-4590-8658-03D5A20A6DFC}.Debug|Any CPU.ActiveCfg = Debug|Any CPU
		{FEFE844B-A58A-4590-8658-03D5A20A6DFC}.Debug|Any CPU.Build.0 = Debug|Any CPU
		{FEFE844B-A58A-4590-8658-03D5A20A6DFC}.Debug|x64.ActiveCfg = Debug|Any CPU
		{FEFE844B-A58A-4590-8658-03D5A20A6DFC}.Debug|x64.Build.0 = Debug|Any CPU
		{FEFE844B-A58A-4590-8658-03D5A20A6DFC}.Debug|x86.ActiveCfg = Debug|Any CPU
		{FEFE844B-A58A-4590-8658-03D5A20A6DFC}.Debug|x86.Build.0 = Debug|Any CPU
		{FEFE844B-A58A-4590-8658-03D5A20A6DFC}.Release|Any CPU.ActiveCfg = Release|Any CPU
		{FEFE844B-A58A-4590-8658-03D5A20A6DFC}.Release|Any CPU.Build.0 = Release|Any CPU
		{FEFE844B-A58A-4590-8658-03D5A20A6DFC}.Release|x64.ActiveCfg = Release|Any CPU
		{FEFE844B-A58A-4590-8658-03D5A20A6DFC}.Release|x64.Build.0 = Release|Any CPU
		{FEFE844B-A58A-4590-8658-03D5A20A6DFC}.Release|x86.ActiveCfg = Release|Any CPU
		{FEFE844B-A58A-4590-8658-03D5A20A6DFC}.Release|x86.Build.0 = Release|Any CPU
		{7B02866A-D867-486F-BAE2-FFD51B86AE89}.Debug|Any CPU.ActiveCfg = Debug|Any CPU
		{7B02866A-D867-486F-BAE2-FFD51B86AE89}.Debug|Any CPU.Build.0 = Debug|Any CPU
		{7B02866A-D867-486F-BAE2-FFD51B86AE89}.Debug|x64.ActiveCfg = Debug|Any CPU
		{7B02866A-D867-486F-BAE2-FFD51B86AE89}.Debug|x64.Build.0 = Debug|Any CPU
		{7B02866A-D867-486F-BAE2-FFD51B86AE89}.Debug|x86.ActiveCfg = Debug|Any CPU
		{7B02866A-D867-486F-BAE2-FFD51B86AE89}.Debug|x86.Build.0 = Debug|Any CPU
		{7B02866A-D867-486F-BAE2-FFD51B86AE89}.Release|Any CPU.ActiveCfg = Release|Any CPU
		{7B02866A-D867-486F-BAE2-FFD51B86AE89}.Release|Any CPU.Build.0 = Release|Any CPU
		{7B02866A-D867-486F-BAE2-FFD51B86AE89}.Release|x64.ActiveCfg = Release|Any CPU
		{7B02866A-D867-486F-BAE2-FFD51B86AE89}.Release|x64.Build.0 = Release|Any CPU
		{7B02866A-D867-486F-BAE2-FFD51B86AE89}.Release|x86.ActiveCfg = Release|Any CPU
		{7B02866A-D867-486F-BAE2-FFD51B86AE89}.Release|x86.Build.0 = Release|Any CPU
		{E0ED86F2-4A0F-4317-801B-7B68A3E236B3}.Debug|Any CPU.ActiveCfg = Debug|Any CPU
		{E0ED86F2-4A0F-4317-801B-7B68A3E236B3}.Debug|Any CPU.Build.0 = Debug|Any CPU
		{E0ED86F2-4A0F-4317-801B-7B68A3E236B3}.Debug|x64.ActiveCfg = Debug|Any CPU
		{E0ED86F2-4A0F-4317-801B-7B68A3E236B3}.Debug|x64.Build.0 = Debug|Any CPU
		{E0ED86F2-4A0F-4317-801B-7B68A3E236B3}.Debug|x86.ActiveCfg = Debug|Any CPU
		{E0ED86F2-4A0F-4317-801B-7B68A3E236B3}.Debug|x86.Build.0 = Debug|Any CPU
		{E0ED86F2-4A0F-4317-801B-7B68A3E236B3}.Release|Any CPU.ActiveCfg = Release|Any CPU
		{E0ED86F2-4A0F-4317-801B-7B68A3E236B3}.Release|Any CPU.Build.0 = Release|Any CPU
		{E0ED86F2-4A0F-4317-801B-7B68A3E236B3}.Release|x64.ActiveCfg = Release|Any CPU
		{E0ED86F2-4A0F-4317-801B-7B68A3E236B3}.Release|x64.Build.0 = Release|Any CPU
		{E0ED86F2-4A0F-4317-801B-7B68A3E236B3}.Release|x86.ActiveCfg = Release|Any CPU
		{E0ED86F2-4A0F-4317-801B-7B68A3E236B3}.Release|x86.Build.0 = Release|Any CPU
		{7A684FB4-3AE1-4B54-9771-938A39600BF2}.Debug|Any CPU.ActiveCfg = Debug|Any CPU
		{7A684FB4-3AE1-4B54-9771-938A39600BF2}.Debug|Any CPU.Build.0 = Debug|Any CPU
		{7A684FB4-3AE1-4B54-9771-938A39600BF2}.Debug|x64.ActiveCfg = Debug|Any CPU
		{7A684FB4-3AE1-4B54-9771-938A39600BF2}.Debug|x64.Build.0 = Debug|Any CPU
		{7A684FB4-3AE1-4B54-9771-938A39600BF2}.Debug|x86.ActiveCfg = Debug|Any CPU
		{7A684FB4-3AE1-4B54-9771-938A39600BF2}.Debug|x86.Build.0 = Debug|Any CPU
		{7A684FB4-3AE1-4B54-9771-938A39600BF2}.Release|Any CPU.ActiveCfg = Release|Any CPU
		{7A684FB4-3AE1-4B54-9771-938A39600BF2}.Release|Any CPU.Build.0 = Release|Any CPU
		{7A684FB4-3AE1-4B54-9771-938A39600BF2}.Release|x64.ActiveCfg = Release|Any CPU
		{7A684FB4-3AE1-4B54-9771-938A39600BF2}.Release|x64.Build.0 = Release|Any CPU
		{7A684FB4-3AE1-4B54-9771-938A39600BF2}.Release|x86.ActiveCfg = Release|Any CPU
		{7A684FB4-3AE1-4B54-9771-938A39600BF2}.Release|x86.Build.0 = Release|Any CPU
		{14E87561-8A46-4EC6-90B5-E07B56B3A514}.Debug|Any CPU.ActiveCfg = Debug|Any CPU
		{14E87561-8A46-4EC6-90B5-E07B56B3A514}.Debug|Any CPU.Build.0 = Debug|Any CPU
		{14E87561-8A46-4EC6-90B5-E07B56B3A514}.Debug|x64.ActiveCfg = Debug|Any CPU
		{14E87561-8A46-4EC6-90B5-E07B56B3A514}.Debug|x64.Build.0 = Debug|Any CPU
		{14E87561-8A46-4EC6-90B5-E07B56B3A514}.Debug|x86.ActiveCfg = Debug|Any CPU
		{14E87561-8A46-4EC6-90B5-E07B56B3A514}.Debug|x86.Build.0 = Debug|Any CPU
		{14E87561-8A46-4EC6-90B5-E07B56B3A514}.Release|Any CPU.ActiveCfg = Release|Any CPU
		{14E87561-8A46-4EC6-90B5-E07B56B3A514}.Release|Any CPU.Build.0 = Release|Any CPU
		{14E87561-8A46-4EC6-90B5-E07B56B3A514}.Release|x64.ActiveCfg = Release|Any CPU
		{14E87561-8A46-4EC6-90B5-E07B56B3A514}.Release|x64.Build.0 = Release|Any CPU
		{14E87561-8A46-4EC6-90B5-E07B56B3A514}.Release|x86.ActiveCfg = Release|Any CPU
		{14E87561-8A46-4EC6-90B5-E07B56B3A514}.Release|x86.Build.0 = Release|Any CPU
		{C749C8C9-BAFC-4F6B-A30E-8A598ABA50CE}.Debug|Any CPU.ActiveCfg = Debug|Any CPU
		{C749C8C9-BAFC-4F6B-A30E-8A598ABA50CE}.Debug|Any CPU.Build.0 = Debug|Any CPU
		{C749C8C9-BAFC-4F6B-A30E-8A598ABA50CE}.Debug|x64.ActiveCfg = Debug|Any CPU
		{C749C8C9-BAFC-4F6B-A30E-8A598ABA50CE}.Debug|x64.Build.0 = Debug|Any CPU
		{C749C8C9-BAFC-4F6B-A30E-8A598ABA50CE}.Debug|x86.ActiveCfg = Debug|Any CPU
		{C749C8C9-BAFC-4F6B-A30E-8A598ABA50CE}.Debug|x86.Build.0 = Debug|Any CPU
		{C749C8C9-BAFC-4F6B-A30E-8A598ABA50CE}.Release|Any CPU.ActiveCfg = Release|Any CPU
		{C749C8C9-BAFC-4F6B-A30E-8A598ABA50CE}.Release|Any CPU.Build.0 = Release|Any CPU
		{C749C8C9-BAFC-4F6B-A30E-8A598ABA50CE}.Release|x64.ActiveCfg = Release|Any CPU
		{C749C8C9-BAFC-4F6B-A30E-8A598ABA50CE}.Release|x64.Build.0 = Release|Any CPU
		{C749C8C9-BAFC-4F6B-A30E-8A598ABA50CE}.Release|x86.ActiveCfg = Release|Any CPU
		{C749C8C9-BAFC-4F6B-A30E-8A598ABA50CE}.Release|x86.Build.0 = Release|Any CPU
		{710F7469-748E-4B50-A5B0-D78727166FBF}.Debug|Any CPU.ActiveCfg = Debug|Any CPU
		{710F7469-748E-4B50-A5B0-D78727166FBF}.Debug|Any CPU.Build.0 = Debug|Any CPU
		{710F7469-748E-4B50-A5B0-D78727166FBF}.Debug|x64.ActiveCfg = Debug|Any CPU
		{710F7469-748E-4B50-A5B0-D78727166FBF}.Debug|x64.Build.0 = Debug|Any CPU
		{710F7469-748E-4B50-A5B0-D78727166FBF}.Debug|x86.ActiveCfg = Debug|Any CPU
		{710F7469-748E-4B50-A5B0-D78727166FBF}.Debug|x86.Build.0 = Debug|Any CPU
		{710F7469-748E-4B50-A5B0-D78727166FBF}.Release|Any CPU.ActiveCfg = Release|Any CPU
		{710F7469-748E-4B50-A5B0-D78727166FBF}.Release|Any CPU.Build.0 = Release|Any CPU
		{710F7469-748E-4B50-A5B0-D78727166FBF}.Release|x64.ActiveCfg = Release|Any CPU
		{710F7469-748E-4B50-A5B0-D78727166FBF}.Release|x64.Build.0 = Release|Any CPU
		{710F7469-748E-4B50-A5B0-D78727166FBF}.Release|x86.ActiveCfg = Release|Any CPU
		{710F7469-748E-4B50-A5B0-D78727166FBF}.Release|x86.Build.0 = Release|Any CPU
		{EFB5E02B-C6D6-4F05-8F0A-74E488F2F7CC}.Debug|Any CPU.ActiveCfg = Debug|Any CPU
		{EFB5E02B-C6D6-4F05-8F0A-74E488F2F7CC}.Debug|Any CPU.Build.0 = Debug|Any CPU
		{EFB5E02B-C6D6-4F05-8F0A-74E488F2F7CC}.Debug|x64.ActiveCfg = Debug|Any CPU
		{EFB5E02B-C6D6-4F05-8F0A-74E488F2F7CC}.Debug|x64.Build.0 = Debug|Any CPU
		{EFB5E02B-C6D6-4F05-8F0A-74E488F2F7CC}.Debug|x86.ActiveCfg = Debug|Any CPU
		{EFB5E02B-C6D6-4F05-8F0A-74E488F2F7CC}.Debug|x86.Build.0 = Debug|Any CPU
		{EFB5E02B-C6D6-4F05-8F0A-74E488F2F7CC}.Release|Any CPU.ActiveCfg = Release|Any CPU
		{EFB5E02B-C6D6-4F05-8F0A-74E488F2F7CC}.Release|Any CPU.Build.0 = Release|Any CPU
		{EFB5E02B-C6D6-4F05-8F0A-74E488F2F7CC}.Release|x64.ActiveCfg = Release|Any CPU
		{EFB5E02B-C6D6-4F05-8F0A-74E488F2F7CC}.Release|x64.Build.0 = Release|Any CPU
		{EFB5E02B-C6D6-4F05-8F0A-74E488F2F7CC}.Release|x86.ActiveCfg = Release|Any CPU
		{EFB5E02B-C6D6-4F05-8F0A-74E488F2F7CC}.Release|x86.Build.0 = Release|Any CPU
		{5789F1E9-11F1-44AB-88A7-C428E6C02435}.Debug|Any CPU.ActiveCfg = Debug|Any CPU
		{5789F1E9-11F1-44AB-88A7-C428E6C02435}.Debug|Any CPU.Build.0 = Debug|Any CPU
		{5789F1E9-11F1-44AB-88A7-C428E6C02435}.Debug|x64.ActiveCfg = Debug|Any CPU
		{5789F1E9-11F1-44AB-88A7-C428E6C02435}.Debug|x64.Build.0 = Debug|Any CPU
		{5789F1E9-11F1-44AB-88A7-C428E6C02435}.Debug|x86.ActiveCfg = Debug|Any CPU
		{5789F1E9-11F1-44AB-88A7-C428E6C02435}.Debug|x86.Build.0 = Debug|Any CPU
		{5789F1E9-11F1-44AB-88A7-C428E6C02435}.Release|Any CPU.ActiveCfg = Release|Any CPU
		{5789F1E9-11F1-44AB-88A7-C428E6C02435}.Release|Any CPU.Build.0 = Release|Any CPU
		{5789F1E9-11F1-44AB-88A7-C428E6C02435}.Release|x64.ActiveCfg = Release|Any CPU
		{5789F1E9-11F1-44AB-88A7-C428E6C02435}.Release|x64.Build.0 = Release|Any CPU
		{5789F1E9-11F1-44AB-88A7-C428E6C02435}.Release|x86.ActiveCfg = Release|Any CPU
		{5789F1E9-11F1-44AB-88A7-C428E6C02435}.Release|x86.Build.0 = Release|Any CPU
		{FB90FAD1-F606-44DE-9C15-EB9C009FBD67}.Debug|Any CPU.ActiveCfg = Debug|Any CPU
		{FB90FAD1-F606-44DE-9C15-EB9C009FBD67}.Debug|Any CPU.Build.0 = Debug|Any CPU
		{FB90FAD1-F606-44DE-9C15-EB9C009FBD67}.Debug|x64.ActiveCfg = Debug|Any CPU
		{FB90FAD1-F606-44DE-9C15-EB9C009FBD67}.Debug|x64.Build.0 = Debug|Any CPU
		{FB90FAD1-F606-44DE-9C15-EB9C009FBD67}.Debug|x86.ActiveCfg = Debug|Any CPU
		{FB90FAD1-F606-44DE-9C15-EB9C009FBD67}.Debug|x86.Build.0 = Debug|Any CPU
		{FB90FAD1-F606-44DE-9C15-EB9C009FBD67}.Release|Any CPU.ActiveCfg = Release|Any CPU
		{FB90FAD1-F606-44DE-9C15-EB9C009FBD67}.Release|Any CPU.Build.0 = Release|Any CPU
		{FB90FAD1-F606-44DE-9C15-EB9C009FBD67}.Release|x64.ActiveCfg = Release|Any CPU
		{FB90FAD1-F606-44DE-9C15-EB9C009FBD67}.Release|x64.Build.0 = Release|Any CPU
		{FB90FAD1-F606-44DE-9C15-EB9C009FBD67}.Release|x86.ActiveCfg = Release|Any CPU
		{FB90FAD1-F606-44DE-9C15-EB9C009FBD67}.Release|x86.Build.0 = Release|Any CPU
		{20190AA7-3727-4B3E-81C3-EEFE462831FE}.Debug|Any CPU.ActiveCfg = Debug|Any CPU
		{20190AA7-3727-4B3E-81C3-EEFE462831FE}.Debug|Any CPU.Build.0 = Debug|Any CPU
		{20190AA7-3727-4B3E-81C3-EEFE462831FE}.Debug|x64.ActiveCfg = Debug|Any CPU
		{20190AA7-3727-4B3E-81C3-EEFE462831FE}.Debug|x64.Build.0 = Debug|Any CPU
		{20190AA7-3727-4B3E-81C3-EEFE462831FE}.Debug|x86.ActiveCfg = Debug|Any CPU
		{20190AA7-3727-4B3E-81C3-EEFE462831FE}.Debug|x86.Build.0 = Debug|Any CPU
		{20190AA7-3727-4B3E-81C3-EEFE462831FE}.Release|Any CPU.ActiveCfg = Release|Any CPU
		{20190AA7-3727-4B3E-81C3-EEFE462831FE}.Release|Any CPU.Build.0 = Release|Any CPU
		{20190AA7-3727-4B3E-81C3-EEFE462831FE}.Release|x64.ActiveCfg = Release|Any CPU
		{20190AA7-3727-4B3E-81C3-EEFE462831FE}.Release|x64.Build.0 = Release|Any CPU
		{20190AA7-3727-4B3E-81C3-EEFE462831FE}.Release|x86.ActiveCfg = Release|Any CPU
		{20190AA7-3727-4B3E-81C3-EEFE462831FE}.Release|x86.Build.0 = Release|Any CPU
		{D8F14919-80DF-4CE5-992E-77C2F3806F54}.Debug|Any CPU.ActiveCfg = Debug|Any CPU
		{D8F14919-80DF-4CE5-992E-77C2F3806F54}.Debug|Any CPU.Build.0 = Debug|Any CPU
		{D8F14919-80DF-4CE5-992E-77C2F3806F54}.Debug|x64.ActiveCfg = Debug|Any CPU
		{D8F14919-80DF-4CE5-992E-77C2F3806F54}.Debug|x64.Build.0 = Debug|Any CPU
		{D8F14919-80DF-4CE5-992E-77C2F3806F54}.Debug|x86.ActiveCfg = Debug|Any CPU
		{D8F14919-80DF-4CE5-992E-77C2F3806F54}.Debug|x86.Build.0 = Debug|Any CPU
		{D8F14919-80DF-4CE5-992E-77C2F3806F54}.Release|Any CPU.ActiveCfg = Release|Any CPU
		{D8F14919-80DF-4CE5-992E-77C2F3806F54}.Release|Any CPU.Build.0 = Release|Any CPU
		{D8F14919-80DF-4CE5-992E-77C2F3806F54}.Release|x64.ActiveCfg = Release|Any CPU
		{D8F14919-80DF-4CE5-992E-77C2F3806F54}.Release|x64.Build.0 = Release|Any CPU
		{D8F14919-80DF-4CE5-992E-77C2F3806F54}.Release|x86.ActiveCfg = Release|Any CPU
		{D8F14919-80DF-4CE5-992E-77C2F3806F54}.Release|x86.Build.0 = Release|Any CPU
		{BAF49763-AF6C-416E-B97B-E91F30B713F7}.Debug|Any CPU.ActiveCfg = Debug|Any CPU
		{BAF49763-AF6C-416E-B97B-E91F30B713F7}.Debug|Any CPU.Build.0 = Debug|Any CPU
		{BAF49763-AF6C-416E-B97B-E91F30B713F7}.Debug|x64.ActiveCfg = Debug|Any CPU
		{BAF49763-AF6C-416E-B97B-E91F30B713F7}.Debug|x64.Build.0 = Debug|Any CPU
		{BAF49763-AF6C-416E-B97B-E91F30B713F7}.Debug|x86.ActiveCfg = Debug|Any CPU
		{BAF49763-AF6C-416E-B97B-E91F30B713F7}.Debug|x86.Build.0 = Debug|Any CPU
		{BAF49763-AF6C-416E-B97B-E91F30B713F7}.Release|Any CPU.ActiveCfg = Release|Any CPU
		{BAF49763-AF6C-416E-B97B-E91F30B713F7}.Release|Any CPU.Build.0 = Release|Any CPU
		{BAF49763-AF6C-416E-B97B-E91F30B713F7}.Release|x64.ActiveCfg = Release|Any CPU
		{BAF49763-AF6C-416E-B97B-E91F30B713F7}.Release|x64.Build.0 = Release|Any CPU
		{BAF49763-AF6C-416E-B97B-E91F30B713F7}.Release|x86.ActiveCfg = Release|Any CPU
		{BAF49763-AF6C-416E-B97B-E91F30B713F7}.Release|x86.Build.0 = Release|Any CPU
		{D0E14660-5D79-4D20-B9C2-8707BDAA9A52}.Debug|Any CPU.ActiveCfg = Debug|Any CPU
		{D0E14660-5D79-4D20-B9C2-8707BDAA9A52}.Debug|Any CPU.Build.0 = Debug|Any CPU
		{D0E14660-5D79-4D20-B9C2-8707BDAA9A52}.Debug|x64.ActiveCfg = Debug|Any CPU
		{D0E14660-5D79-4D20-B9C2-8707BDAA9A52}.Debug|x64.Build.0 = Debug|Any CPU
		{D0E14660-5D79-4D20-B9C2-8707BDAA9A52}.Debug|x86.ActiveCfg = Debug|Any CPU
		{D0E14660-5D79-4D20-B9C2-8707BDAA9A52}.Debug|x86.Build.0 = Debug|Any CPU
		{D0E14660-5D79-4D20-B9C2-8707BDAA9A52}.Release|Any CPU.ActiveCfg = Release|Any CPU
		{D0E14660-5D79-4D20-B9C2-8707BDAA9A52}.Release|Any CPU.Build.0 = Release|Any CPU
		{D0E14660-5D79-4D20-B9C2-8707BDAA9A52}.Release|x64.ActiveCfg = Release|Any CPU
		{D0E14660-5D79-4D20-B9C2-8707BDAA9A52}.Release|x64.Build.0 = Release|Any CPU
		{D0E14660-5D79-4D20-B9C2-8707BDAA9A52}.Release|x86.ActiveCfg = Release|Any CPU
		{D0E14660-5D79-4D20-B9C2-8707BDAA9A52}.Release|x86.Build.0 = Release|Any CPU
		{3B890596-5C7C-4812-ADF6-C89632C78117}.Debug|Any CPU.ActiveCfg = Debug|Any CPU
		{3B890596-5C7C-4812-ADF6-C89632C78117}.Debug|Any CPU.Build.0 = Debug|Any CPU
		{3B890596-5C7C-4812-ADF6-C89632C78117}.Debug|x64.ActiveCfg = Debug|Any CPU
		{3B890596-5C7C-4812-ADF6-C89632C78117}.Debug|x64.Build.0 = Debug|Any CPU
		{3B890596-5C7C-4812-ADF6-C89632C78117}.Debug|x86.ActiveCfg = Debug|Any CPU
		{3B890596-5C7C-4812-ADF6-C89632C78117}.Debug|x86.Build.0 = Debug|Any CPU
		{3B890596-5C7C-4812-ADF6-C89632C78117}.Release|Any CPU.ActiveCfg = Release|Any CPU
		{3B890596-5C7C-4812-ADF6-C89632C78117}.Release|Any CPU.Build.0 = Release|Any CPU
		{3B890596-5C7C-4812-ADF6-C89632C78117}.Release|x64.ActiveCfg = Release|Any CPU
		{3B890596-5C7C-4812-ADF6-C89632C78117}.Release|x64.Build.0 = Release|Any CPU
		{3B890596-5C7C-4812-ADF6-C89632C78117}.Release|x86.ActiveCfg = Release|Any CPU
		{3B890596-5C7C-4812-ADF6-C89632C78117}.Release|x86.Build.0 = Release|Any CPU
		{9B8A8324-F46A-4941-A40B-4F84A2A039DF}.Debug|Any CPU.ActiveCfg = Debug|Any CPU
		{9B8A8324-F46A-4941-A40B-4F84A2A039DF}.Debug|Any CPU.Build.0 = Debug|Any CPU
		{9B8A8324-F46A-4941-A40B-4F84A2A039DF}.Debug|x64.ActiveCfg = Debug|Any CPU
		{9B8A8324-F46A-4941-A40B-4F84A2A039DF}.Debug|x64.Build.0 = Debug|Any CPU
		{9B8A8324-F46A-4941-A40B-4F84A2A039DF}.Debug|x86.ActiveCfg = Debug|Any CPU
		{9B8A8324-F46A-4941-A40B-4F84A2A039DF}.Debug|x86.Build.0 = Debug|Any CPU
		{9B8A8324-F46A-4941-A40B-4F84A2A039DF}.Release|Any CPU.ActiveCfg = Release|Any CPU
		{9B8A8324-F46A-4941-A40B-4F84A2A039DF}.Release|Any CPU.Build.0 = Release|Any CPU
		{9B8A8324-F46A-4941-A40B-4F84A2A039DF}.Release|x64.ActiveCfg = Release|Any CPU
		{9B8A8324-F46A-4941-A40B-4F84A2A039DF}.Release|x64.Build.0 = Release|Any CPU
		{9B8A8324-F46A-4941-A40B-4F84A2A039DF}.Release|x86.ActiveCfg = Release|Any CPU
		{9B8A8324-F46A-4941-A40B-4F84A2A039DF}.Release|x86.Build.0 = Release|Any CPU
		{7A47736A-EAAD-4132-A8F4-D23DEC8CE3E6}.Debug|Any CPU.ActiveCfg = Debug|Any CPU
		{7A47736A-EAAD-4132-A8F4-D23DEC8CE3E6}.Debug|Any CPU.Build.0 = Debug|Any CPU
		{7A47736A-EAAD-4132-A8F4-D23DEC8CE3E6}.Debug|x64.ActiveCfg = Debug|Any CPU
		{7A47736A-EAAD-4132-A8F4-D23DEC8CE3E6}.Debug|x64.Build.0 = Debug|Any CPU
		{7A47736A-EAAD-4132-A8F4-D23DEC8CE3E6}.Debug|x86.ActiveCfg = Debug|Any CPU
		{7A47736A-EAAD-4132-A8F4-D23DEC8CE3E6}.Debug|x86.Build.0 = Debug|Any CPU
		{7A47736A-EAAD-4132-A8F4-D23DEC8CE3E6}.Release|Any CPU.ActiveCfg = Release|Any CPU
		{7A47736A-EAAD-4132-A8F4-D23DEC8CE3E6}.Release|Any CPU.Build.0 = Release|Any CPU
		{7A47736A-EAAD-4132-A8F4-D23DEC8CE3E6}.Release|x64.ActiveCfg = Release|Any CPU
		{7A47736A-EAAD-4132-A8F4-D23DEC8CE3E6}.Release|x64.Build.0 = Release|Any CPU
		{7A47736A-EAAD-4132-A8F4-D23DEC8CE3E6}.Release|x86.ActiveCfg = Release|Any CPU
		{7A47736A-EAAD-4132-A8F4-D23DEC8CE3E6}.Release|x86.Build.0 = Release|Any CPU
		{F585212F-AEFE-4B95-B8F5-F88F89E5A574}.Debug|Any CPU.ActiveCfg = Debug|Any CPU
		{F585212F-AEFE-4B95-B8F5-F88F89E5A574}.Debug|Any CPU.Build.0 = Debug|Any CPU
		{F585212F-AEFE-4B95-B8F5-F88F89E5A574}.Debug|x64.ActiveCfg = Debug|Any CPU
		{F585212F-AEFE-4B95-B8F5-F88F89E5A574}.Debug|x64.Build.0 = Debug|Any CPU
		{F585212F-AEFE-4B95-B8F5-F88F89E5A574}.Debug|x86.ActiveCfg = Debug|Any CPU
		{F585212F-AEFE-4B95-B8F5-F88F89E5A574}.Debug|x86.Build.0 = Debug|Any CPU
		{F585212F-AEFE-4B95-B8F5-F88F89E5A574}.Release|Any CPU.ActiveCfg = Release|Any CPU
		{F585212F-AEFE-4B95-B8F5-F88F89E5A574}.Release|Any CPU.Build.0 = Release|Any CPU
		{F585212F-AEFE-4B95-B8F5-F88F89E5A574}.Release|x64.ActiveCfg = Release|Any CPU
		{F585212F-AEFE-4B95-B8F5-F88F89E5A574}.Release|x64.Build.0 = Release|Any CPU
		{F585212F-AEFE-4B95-B8F5-F88F89E5A574}.Release|x86.ActiveCfg = Release|Any CPU
		{F585212F-AEFE-4B95-B8F5-F88F89E5A574}.Release|x86.Build.0 = Release|Any CPU
		{5034BA85-B9EC-4267-A3A8-4B4A605ABA15}.Debug|Any CPU.ActiveCfg = Debug|Any CPU
		{5034BA85-B9EC-4267-A3A8-4B4A605ABA15}.Debug|Any CPU.Build.0 = Debug|Any CPU
		{5034BA85-B9EC-4267-A3A8-4B4A605ABA15}.Debug|x64.ActiveCfg = Debug|Any CPU
		{5034BA85-B9EC-4267-A3A8-4B4A605ABA15}.Debug|x64.Build.0 = Debug|Any CPU
		{5034BA85-B9EC-4267-A3A8-4B4A605ABA15}.Debug|x86.ActiveCfg = Debug|Any CPU
		{5034BA85-B9EC-4267-A3A8-4B4A605ABA15}.Debug|x86.Build.0 = Debug|Any CPU
		{5034BA85-B9EC-4267-A3A8-4B4A605ABA15}.Release|Any CPU.ActiveCfg = Release|Any CPU
		{5034BA85-B9EC-4267-A3A8-4B4A605ABA15}.Release|Any CPU.Build.0 = Release|Any CPU
		{5034BA85-B9EC-4267-A3A8-4B4A605ABA15}.Release|x64.ActiveCfg = Release|Any CPU
		{5034BA85-B9EC-4267-A3A8-4B4A605ABA15}.Release|x64.Build.0 = Release|Any CPU
		{5034BA85-B9EC-4267-A3A8-4B4A605ABA15}.Release|x86.ActiveCfg = Release|Any CPU
		{5034BA85-B9EC-4267-A3A8-4B4A605ABA15}.Release|x86.Build.0 = Release|Any CPU
		{C08D1F02-6A10-46CD-9CCA-8F74B0BA4F55}.Debug|Any CPU.ActiveCfg = Debug|Any CPU
		{C08D1F02-6A10-46CD-9CCA-8F74B0BA4F55}.Debug|Any CPU.Build.0 = Debug|Any CPU
		{C08D1F02-6A10-46CD-9CCA-8F74B0BA4F55}.Debug|x64.ActiveCfg = Debug|Any CPU
		{C08D1F02-6A10-46CD-9CCA-8F74B0BA4F55}.Debug|x64.Build.0 = Debug|Any CPU
		{C08D1F02-6A10-46CD-9CCA-8F74B0BA4F55}.Debug|x86.ActiveCfg = Debug|Any CPU
		{C08D1F02-6A10-46CD-9CCA-8F74B0BA4F55}.Debug|x86.Build.0 = Debug|Any CPU
		{C08D1F02-6A10-46CD-9CCA-8F74B0BA4F55}.Release|Any CPU.ActiveCfg = Release|Any CPU
		{C08D1F02-6A10-46CD-9CCA-8F74B0BA4F55}.Release|Any CPU.Build.0 = Release|Any CPU
		{C08D1F02-6A10-46CD-9CCA-8F74B0BA4F55}.Release|x64.ActiveCfg = Release|Any CPU
		{C08D1F02-6A10-46CD-9CCA-8F74B0BA4F55}.Release|x64.Build.0 = Release|Any CPU
		{C08D1F02-6A10-46CD-9CCA-8F74B0BA4F55}.Release|x86.ActiveCfg = Release|Any CPU
		{C08D1F02-6A10-46CD-9CCA-8F74B0BA4F55}.Release|x86.Build.0 = Release|Any CPU
		{E74938EF-73E7-4AF3-B4CF-E7F56785FE1D}.Debug|Any CPU.ActiveCfg = Debug|Any CPU
		{E74938EF-73E7-4AF3-B4CF-E7F56785FE1D}.Debug|Any CPU.Build.0 = Debug|Any CPU
		{E74938EF-73E7-4AF3-B4CF-E7F56785FE1D}.Debug|x64.ActiveCfg = Debug|Any CPU
		{E74938EF-73E7-4AF3-B4CF-E7F56785FE1D}.Debug|x64.Build.0 = Debug|Any CPU
		{E74938EF-73E7-4AF3-B4CF-E7F56785FE1D}.Debug|x86.ActiveCfg = Debug|Any CPU
		{E74938EF-73E7-4AF3-B4CF-E7F56785FE1D}.Debug|x86.Build.0 = Debug|Any CPU
		{E74938EF-73E7-4AF3-B4CF-E7F56785FE1D}.Release|Any CPU.ActiveCfg = Release|Any CPU
		{E74938EF-73E7-4AF3-B4CF-E7F56785FE1D}.Release|Any CPU.Build.0 = Release|Any CPU
		{E74938EF-73E7-4AF3-B4CF-E7F56785FE1D}.Release|x64.ActiveCfg = Release|Any CPU
		{E74938EF-73E7-4AF3-B4CF-E7F56785FE1D}.Release|x64.Build.0 = Release|Any CPU
		{E74938EF-73E7-4AF3-B4CF-E7F56785FE1D}.Release|x86.ActiveCfg = Release|Any CPU
		{E74938EF-73E7-4AF3-B4CF-E7F56785FE1D}.Release|x86.Build.0 = Release|Any CPU
	EndGlobalSection
	GlobalSection(SolutionProperties) = preSolution
		HideSolutionNode = FALSE
	EndGlobalSection
	GlobalSection(NestedProjects) = preSolution
		{14E601BB-4E0D-4F14-9F93-DB7BEEEE64B2} = {02EA681E-C7D8-13C7-8484-4AC65E1B71E8}
		{5A763CAD-5AC7-48B9-9895-00EA21375ADB} = {02EA681E-C7D8-13C7-8484-4AC65E1B71E8}
		{89C390F2-AAAA-4944-A030-B8A94A60C31A} = {02EA681E-C7D8-13C7-8484-4AC65E1B71E8}
		{AEFB8EF7-AE99-4782-BA2C-13D7507221B1} = {02EA681E-C7D8-13C7-8484-4AC65E1B71E8}
		{BC557657-E857-4BCB-96CE-8D74E34EF824} = {14E601BB-4E0D-4F14-9F93-DB7BEEEE64B2}
		{ECD022FC-AD2F-4AC1-A36B-A207AFBB5BCA} = {14E601BB-4E0D-4F14-9F93-DB7BEEEE64B2}
		{83F5178D-AB28-4CF1-95B4-8A5D38AFA2C1} = {14E601BB-4E0D-4F14-9F93-DB7BEEEE64B2}
		{69577AF6-C8F0-4853-84C0-7A20DD857207} = {89C390F2-AAAA-4944-A030-B8A94A60C31A}
		{FEFE844B-A58A-4590-8658-03D5A20A6DFC} = {89C390F2-AAAA-4944-A030-B8A94A60C31A}
		{7B02866A-D867-486F-BAE2-FFD51B86AE89} = {5A763CAD-5AC7-48B9-9895-00EA21375ADB}
		{E0ED86F2-4A0F-4317-801B-7B68A3E236B3} = {5A763CAD-5AC7-48B9-9895-00EA21375ADB}
		{7A684FB4-3AE1-4B54-9771-938A39600BF2} = {5A763CAD-5AC7-48B9-9895-00EA21375ADB}
		{14E87561-8A46-4EC6-90B5-E07B56B3A514} = {AEFB8EF7-AE99-4782-BA2C-13D7507221B1}
		{C749C8C9-BAFC-4F6B-A30E-8A598ABA50CE} = {AEFB8EF7-AE99-4782-BA2C-13D7507221B1}
		{710F7469-748E-4B50-A5B0-D78727166FBF} = {AEFB8EF7-AE99-4782-BA2C-13D7507221B1}
		{EFB5E02B-C6D6-4F05-8F0A-74E488F2F7CC} = {89C390F2-AAAA-4944-A030-B8A94A60C31A}
		{5789F1E9-11F1-44AB-88A7-C428E6C02435} = {E9B47AB4-CEC5-4DD1-BB57-00502CA4BA8D}
		{FB90FAD1-F606-44DE-9C15-EB9C009FBD67} = {E9B47AB4-CEC5-4DD1-BB57-00502CA4BA8D}
		{20190AA7-3727-4B3E-81C3-EEFE462831FE} = {E9B47AB4-CEC5-4DD1-BB57-00502CA4BA8D}
		{D8F14919-80DF-4CE5-992E-77C2F3806F54} = {96023D6D-FF13-4380-9401-029D25ED9505}
		{BAF49763-AF6C-416E-B97B-E91F30B713F7} = {96023D6D-FF13-4380-9401-029D25ED9505}
		{D0E14660-5D79-4D20-B9C2-8707BDAA9A52} = {96023D6D-FF13-4380-9401-029D25ED9505}
		{3B890596-5C7C-4812-ADF6-C89632C78117} = {E84F5AC5-1750-4CBC-8829-855799600421}
		{9B8A8324-F46A-4941-A40B-4F84A2A039DF} = {E84F5AC5-1750-4CBC-8829-855799600421}
		{7A47736A-EAAD-4132-A8F4-D23DEC8CE3E6} = {E84F5AC5-1750-4CBC-8829-855799600421}
		{96023D6D-FF13-4380-9401-029D25ED9505} = {02EA681E-C7D8-13C7-8484-4AC65E1B71E8}
		{E84F5AC5-1750-4CBC-8829-855799600421} = {02EA681E-C7D8-13C7-8484-4AC65E1B71E8}
		{E9B47AB4-CEC5-4DD1-BB57-00502CA4BA8D} = {02EA681E-C7D8-13C7-8484-4AC65E1B71E8}
		{F585212F-AEFE-4B95-B8F5-F88F89E5A574} = {14E601BB-4E0D-4F14-9F93-DB7BEEEE64B2}
		{6B1F0260-665C-B16D-7B3A-2E4E57C92E77} = {02EA681E-C7D8-13C7-8484-4AC65E1B71E8}
		{5034BA85-B9EC-4267-A3A8-4B4A605ABA15} = {6B1F0260-665C-B16D-7B3A-2E4E57C92E77}
		{C08D1F02-6A10-46CD-9CCA-8F74B0BA4F55} = {6B1F0260-665C-B16D-7B3A-2E4E57C92E77}
		{E74938EF-73E7-4AF3-B4CF-E7F56785FE1D} = {6B1F0260-665C-B16D-7B3A-2E4E57C92E77}
	EndGlobalSection
	GlobalSection(ExtensibilityGlobals) = postSolution
		SolutionGuid = {208349A7-9F0D-4F8B-B2E3-9A9D478A4B0D}
	EndGlobalSection
EndGlobal
